
Microsoft Visual Studio Solution File, Format Version 12.00
# Visual Studio Version 17
VisualStudioVersion = 17.5.33424.131
MinimumVisualStudioVersion = 10.0.40219.1
Project("{9A19103F-16F7-4668-BE54-9A1E7A4F7556}") = "StreamberryAPI", "StreamberryAPI\StreamberryAPI.csproj", "{37B4C7EE-F2D3-4F27-AA99-E6FA4ACE9D20}"
EndProject
Project("{9A19103F-16F7-4668-BE54-9A1E7A4F7556}") = "ConsoleStreamberry", "ConsoleStreamberry\ConsoleStreamberry.csproj", "{E8EE58FB-9B5D-4AED-A3B9-3F588BAEEF51}"
EndProject
Project("{2150E333-8FDC-42A3-9474-1A3956D46DE8}") = "Solution Items", "Solution Items", "{D67FE7BD-4291-4E78-9BAC-1107DCEDC42C}"
	ProjectSection(SolutionItems) = preProject
		.editorconfig = .editorconfig
	EndProjectSection
EndProject
Global
	GlobalSection(SolutionConfigurationPlatforms) = preSolution
		Debug|Any CPU = Debug|Any CPU
		Release|Any CPU = Release|Any CPU
	EndGlobalSection
	GlobalSection(ProjectConfigurationPlatforms) = postSolution
		{37B4C7EE-F2D3-4F27-AA99-E6FA4ACE9D20}.Debug|Any CPU.ActiveCfg = Debug|Any CPU
		{37B4C7EE-F2D3-4F27-AA99-E6FA4ACE9D20}.Debug|Any CPU.Build.0 = Debug|Any CPU
		{37B4C7EE-F2D3-4F27-AA99-E6FA4ACE9D20}.Release|Any CPU.ActiveCfg = Release|Any CPU
		{37B4C7EE-F2D3-4F27-AA99-E6FA4ACE9D20}.Release|Any CPU.Build.0 = Release|Any CPU
		{E8EE58FB-9B5D-4AED-A3B9-3F588BAEEF51}.Debug|Any CPU.ActiveCfg = Debug|Any CPU
		{E8EE58FB-9B5D-4AED-A3B9-3F588BAEEF51}.Debug|Any CPU.Build.0 = Debug|Any CPU
		{E8EE58FB-9B5D-4AED-A3B9-3F588BAEEF51}.Release|Any CPU.ActiveCfg = Release|Any CPU
		{E8EE58FB-9B5D-4AED-A3B9-3F588BAEEF51}.Release|Any CPU.Build.0 = Release|Any CPU
	EndGlobalSection
	GlobalSection(SolutionProperties) = preSolution
		HideSolutionNode = FALSE
	EndGlobalSection
	GlobalSection(ExtensibilityGlobals) = postSolution
		SolutionGuid = {3C7F77F4-5B5F-4C59-BA7F-56A653005301}
	EndGlobalSection
EndGlobal
